
Microsoft Visual Studio Solution File, Format Version 12.00
# Visual Studio 14
VisualStudioVersion = 14.0.24720.0
MinimumVisualStudioVersion = 10.0.40219.1
Project("{FAE04EC0-301F-11D3-BF4B-00C04F79EFBC}") = "CosmosKernel2", "CosmosKernel2\CosmosKernel2.csproj", "{B2AC8F29-36DE-40A0-97D4-EDF2AC47165F}"
EndProject
Project("{471EC4BB-E47E-4229-A789-D1F5F83B52D4}") = "CosmosKernel2Boot", "CosmosKernel2\CosmosKernel2Boot.Cosmos", "{6A712F67-0BB3-4E0E-A7F2-4530554A3619}"
EndProject
Project("{FAE04EC0-301F-11D3-BF4B-00C04F79EFBC}") = "Hardware", "Hardware\Hardware.csproj", "{9DDB887E-BBCD-40FA-80A3-2F7B83D42DD0}"
EndProject
Global
	GlobalSection(SolutionConfigurationPlatforms) = preSolution
		Debug|Any CPU = Debug|Any CPU
		Debug|x86 = Debug|x86
		Release|Any CPU = Release|Any CPU
		Release|x86 = Release|x86
	EndGlobalSection
	GlobalSection(ProjectConfigurationPlatforms) = postSolution
		{B2AC8F29-36DE-40A0-97D4-EDF2AC47165F}.Debug|Any CPU.ActiveCfg = Debug|Any CPU
		{B2AC8F29-36DE-40A0-97D4-EDF2AC47165F}.Debug|Any CPU.Build.0 = Debug|Any CPU
		{B2AC8F29-36DE-40A0-97D4-EDF2AC47165F}.Debug|x86.ActiveCfg = Debug|Any CPU
		{B2AC8F29-36DE-40A0-97D4-EDF2AC47165F}.Debug|x86.Build.0 = Debug|Any CPU
		{B2AC8F29-36DE-40A0-97D4-EDF2AC47165F}.Release|Any CPU.ActiveCfg = Release|Any CPU
		{B2AC8F29-36DE-40A0-97D4-EDF2AC47165F}.Release|Any CPU.Build.0 = Release|Any CPU
		{B2AC8F29-36DE-40A0-97D4-EDF2AC47165F}.Release|x86.ActiveCfg = Release|Any CPU
		{B2AC8F29-36DE-40A0-97D4-EDF2AC47165F}.Release|x86.Build.0 = Release|Any CPU
		{6A712F67-0BB3-4E0E-A7F2-4530554A3619}.Debug|Any CPU.ActiveCfg = Debug|x86
		{6A712F67-0BB3-4E0E-A7F2-4530554A3619}.Debug|Any CPU.Build.0 = Debug|x86
		{6A712F67-0BB3-4E0E-A7F2-4530554A3619}.Debug|x86.ActiveCfg = Debug|x86
		{6A712F67-0BB3-4E0E-A7F2-4530554A3619}.Debug|x86.Build.0 = Debug|x86
		{6A712F67-0BB3-4E0E-A7F2-4530554A3619}.Release|Any CPU.ActiveCfg = Debug|x86
		{6A712F67-0BB3-4E0E-A7F2-4530554A3619}.Release|Any CPU.Build.0 = Debug|x86
		{6A712F67-0BB3-4E0E-A7F2-4530554A3619}.Release|x86.ActiveCfg = Debug|x86
		{6A712F67-0BB3-4E0E-A7F2-4530554A3619}.Release|x86.Build.0 = Debug|x86
		{9DDB887E-BBCD-40FA-80A3-2F7B83D42DD0}.Debug|Any CPU.ActiveCfg = Debug|Any CPU
		{9DDB887E-BBCD-40FA-80A3-2F7B83D42DD0}.Debug|Any CPU.Build.0 = Debug|Any CPU
		{9DDB887E-BBCD-40FA-80A3-2F7B83D42DD0}.Debug|x86.ActiveCfg = Debug|Any CPU
		{9DDB887E-BBCD-40FA-80A3-2F7B83D42DD0}.Debug|x86.Build.0 = Debug|Any CPU
		{9DDB887E-BBCD-40FA-80A3-2F7B83D42DD0}.Release|Any CPU.ActiveCfg = Release|Any CPU
		{9DDB887E-BBCD-40FA-80A3-2F7B83D42DD0}.Release|Any CPU.Build.0 = Release|Any CPU
		{9DDB887E-BBCD-40FA-80A3-2F7B83D42DD0}.Release|x86.ActiveCfg = Release|Any CPU
		{9DDB887E-BBCD-40FA-80A3-2F7B83D42DD0}.Release|x86.Build.0 = Release|Any CPU
	EndGlobalSection
	GlobalSection(SolutionProperties) = preSolution
		HideSolutionNode = FALSE
	EndGlobalSection
EndGlobal
